
Microsoft Visual Studio Solution File, Format Version 12.00
# Visual Studio 15
VisualStudioVersion = 15.0.28307.705
MinimumVisualStudioVersion = 10.0.40219.1
Project("{FAE04EC0-301F-11D3-BF4B-00C04F79EFBC}") = "StockManagementDemo", "StockManagementDemo\StockManagementDemo.csproj", "{1E8CE0A4-5E30-41E9-A9AA-4DDAB9FE6D2C}"
EndProject
Global
	GlobalSection(SolutionConfigurationPlatforms) = preSolution
		Debug|Any CPU = Debug|Any CPU
		Release|Any CPU = Release|Any CPU
	EndGlobalSection
	GlobalSection(ProjectConfigurationPlatforms) = postSolution
		{1E8CE0A4-5E30-41E9-A9AA-4DDAB9FE6D2C}.Debug|Any CPU.ActiveCfg = Debug|Any CPU
		{1E8CE0A4-5E30-41E9-A9AA-4DDAB9FE6D2C}.Debug|Any CPU.Build.0 = Debug|Any CPU
		{1E8CE0A4-5E30-41E9-A9AA-4DDAB9FE6D2C}.Release|Any CPU.ActiveCfg = Release|Any CPU
		{1E8CE0A4-5E30-41E9-A9AA-4DDAB9FE6D2C}.Release|Any CPU.Build.0 = Release|Any CPU
	EndGlobalSection
	GlobalSection(SolutionProperties) = preSolution
		HideSolutionNode = FALSE
	EndGlobalSection
	GlobalSection(ExtensibilityGlobals) = postSolution
		SolutionGuid = {5C6D1A8F-C5F0-4F1C-814D-1131C49EF6B6}
	EndGlobalSection
EndGlobal
